
Microsoft Visual Studio Solution File, Format Version 12.00
# Visual Studio Version 17
VisualStudioVersion = 17.0.32014.148
MinimumVisualStudioVersion = 10.0.40219.1
Project("{FAE04EC0-301F-11D3-BF4B-00C04F79EFBC}") = "Credit", "Credit\Credit.csproj", "{EC938156-3501-4465-914F-D9F927F6D459}"
EndProject
Global
	GlobalSection(SolutionConfigurationPlatforms) = preSolution
		Debug|Any CPU = Debug|Any CPU
		Release|Any CPU = Release|Any CPU
	EndGlobalSection
	GlobalSection(ProjectConfigurationPlatforms) = postSolution
		{EC938156-3501-4465-914F-D9F927F6D459}.Debug|Any CPU.ActiveCfg = Debug|Any CPU
		{EC938156-3501-4465-914F-D9F927F6D459}.Debug|Any CPU.Build.0 = Debug|Any CPU
		{EC938156-3501-4465-914F-D9F927F6D459}.Release|Any CPU.ActiveCfg = Release|Any CPU
		{EC938156-3501-4465-914F-D9F927F6D459}.Release|Any CPU.Build.0 = Release|Any CPU
	EndGlobalSection
	GlobalSection(SolutionProperties) = preSolution
		HideSolutionNode = FALSE
	EndGlobalSection
	GlobalSection(ExtensibilityGlobals) = postSolution
		SolutionGuid = {781186E4-3B98-4595-B290-15AF00F118A2}
	EndGlobalSection
EndGlobal
